
Microsoft Visual Studio Solution File, Format Version 12.00
# Visual Studio Version 17
VisualStudioVersion = 17.8.34330.188
MinimumVisualStudioVersion = 10.0.40219.1
Project("{FAE04EC0-301F-11D3-BF4B-00C04F79EFBC}") = "01_Example_http_get_post", "01_Example_http_get_post\01_Example_http_get_post.csproj", "{BCA49951-20F6-4CAB-8FB0-A8D811226106}"
EndProject
Project("{FAE04EC0-301F-11D3-BF4B-00C04F79EFBC}") = "02_webClient_Download", "02_webClient_Download\02_webClient_Download.csproj", "{FA1670E8-88F8-423B-8672-139F86740AC1}"
EndProject
Global
	GlobalSection(SolutionConfigurationPlatforms) = preSolution
		Debug|Any CPU = Debug|Any CPU
		Release|Any CPU = Release|Any CPU
	EndGlobalSection
	GlobalSection(ProjectConfigurationPlatforms) = postSolution
		{BCA49951-20F6-4CAB-8FB0-A8D811226106}.Debug|Any CPU.ActiveCfg = Debug|Any CPU
		{BCA49951-20F6-4CAB-8FB0-A8D811226106}.Debug|Any CPU.Build.0 = Debug|Any CPU
		{BCA49951-20F6-4CAB-8FB0-A8D811226106}.Release|Any CPU.ActiveCfg = Release|Any CPU
		{BCA49951-20F6-4CAB-8FB0-A8D811226106}.Release|Any CPU.Build.0 = Release|Any CPU
		{FA1670E8-88F8-423B-8672-139F86740AC1}.Debug|Any CPU.ActiveCfg = Debug|Any CPU
		{FA1670E8-88F8-423B-8672-139F86740AC1}.Debug|Any CPU.Build.0 = Debug|Any CPU
		{FA1670E8-88F8-423B-8672-139F86740AC1}.Release|Any CPU.ActiveCfg = Release|Any CPU
		{FA1670E8-88F8-423B-8672-139F86740AC1}.Release|Any CPU.Build.0 = Release|Any CPU
	EndGlobalSection
	GlobalSection(SolutionProperties) = preSolution
		HideSolutionNode = FALSE
	EndGlobalSection
	GlobalSection(ExtensibilityGlobals) = postSolution
		SolutionGuid = {F469DD35-298E-4897-A485-3441B116146B}
	EndGlobalSection
EndGlobal
